
Microsoft Visual Studio Solution File, Format Version 12.00
# Visual Studio 15
VisualStudioVersion = 15.0.28307.421
MinimumVisualStudioVersion = 10.0.40219.1
Project("{FAE04EC0-301F-11D3-BF4B-00C04F79EFBC}") = "TelengParser", "TelengParser\TelengParser.csproj", "{6C3AF06E-A0F0-4007-B676-DBDF16813A36}"
EndProject
Global
	GlobalSection(SolutionConfigurationPlatforms) = preSolution
		Debug|Any CPU = Debug|Any CPU
		Release|Any CPU = Release|Any CPU
	EndGlobalSection
	GlobalSection(ProjectConfigurationPlatforms) = postSolution
		{6C3AF06E-A0F0-4007-B676-DBDF16813A36}.Debug|Any CPU.ActiveCfg = Debug|Any CPU
		{6C3AF06E-A0F0-4007-B676-DBDF16813A36}.Debug|Any CPU.Build.0 = Debug|Any CPU
		{6C3AF06E-A0F0-4007-B676-DBDF16813A36}.Release|Any CPU.ActiveCfg = Release|Any CPU
		{6C3AF06E-A0F0-4007-B676-DBDF16813A36}.Release|Any CPU.Build.0 = Release|Any CPU
	EndGlobalSection
	GlobalSection(SolutionProperties) = preSolution
		HideSolutionNode = FALSE
	EndGlobalSection
	GlobalSection(ExtensibilityGlobals) = postSolution
		SolutionGuid = {BAB36493-C309-4567-8165-3F3E693F9FF5}
	EndGlobalSection
EndGlobal
